{
  "nodes": {
    "fenix": {
      "inputs": {
        "nixpkgs": [
          "nixpkgs"
        ],
        "rust-analyzer-src": "rust-analyzer-src"
      },
      "locked": {
        "lastModified": 1742279664,
        "narHash": "sha256-K/gD8271/eRjwks4EX1fLHCjb4UzdUqDCGdwNh4TwIw=",
        "owner": "nix-community",
        "repo": "fenix",
        "rev": "193dcb4e6edb3ba927f4d88b8b1fe65b9e5368c3",
        "type": "github"
      },
      "original": {
        "owner": "nix-community",
        "repo": "fenix",
        "type": "github"
      }
    },
    "flake-utils": {
      "inputs": {
        "systems": "systems"
      },
      "locked": {
        "lastModified": 1731533236,
        "narHash": "sha256-l0KFg5HjrsfsO/JpG+r7fRrqm12kzFHyUHqHCVpMMbI=",
        "owner": "numtide",
        "repo": "flake-utils",
        "rev": "11707dc2f618dd54ca8739b309ec4fc024de578b",
        "type": "github"
      },
      "original": {
        "owner": "numtide",
        "repo": "flake-utils",
        "type": "github"
      }
    },
    "nixpkgs": {
      "locked": {
        "lastModified": 1742324807,
        "narHash": "sha256-29KfPZ9GWs14tEiSl50+6UUcJfEi+FuxosDUnY9u7es=",
        "owner": "nixos",
        "repo": "nixpkgs",
        "rev": "dd3ce8aa1b1f5841909ee22f60ef687a23b420c0",
        "type": "github"
      },
      "original": {
        "owner": "nixos",
        "repo": "nixpkgs",
        "type": "github"
      }
    },
    "root": {
      "inputs": {
        "fenix": "fenix",
        "flake-utils": "flake-utils",
        "nixpkgs": "nixpkgs",
        "rust-manifest": "rust-manifest"
      }
    },
    "rust-analyzer-src": {
      "flake": false,
      "locked": {
        "lastModified": 1742249107,
        "narHash": "sha256-3jVOcCZgXBvQ2HsjgHXmZow9/3d1K4oRwVyvhYfnvyg=",
        "owner": "rust-lang",
        "repo": "rust-analyzer",
        "rev": "31e412c290f6ff6de4548e94e187477f072b179e",
        "type": "github"
      },
      "original": {
        "owner": "rust-lang",
        "ref": "nightly",
        "repo": "rust-analyzer",
        "type": "github"
      }
    },
    "rust-manifest": {
      "flake": false,
      "locked": {
        "narHash": "sha256-KTsMQSh5kAU81ASiNtbpuK8wsQiSTFYFjFmn3iDXP6g=",
        "type": "file",
        "url": "https://static.rust-lang.org/dist/2025-03-18/channel-rust-nightly.toml"
      },
      "original": {
        "type": "file",
        "url": "https://static.rust-lang.org/dist/2025-03-18/channel-rust-nightly.toml"
      }
    },
    "systems": {
      "locked": {
        "lastModified": 1681028828,
        "narHash": "sha256-Vy1rq5AaRuLzOxct8nz4T6wlgyUR7zLU309k9mBC768=",
        "owner": "nix-systems",
        "repo": "default",
        "rev": "da67096a3b9bf56a91d16901293e51ba5b49a27e",
        "type": "github"
      },
      "original": {
        "owner": "nix-systems",
        "repo": "default",
        "type": "github"
      }
    }
  },
  "root": "root",
  "version": 7
}
